
Microsoft Visual Studio Solution File, Format Version 12.00
# Visual Studio Version 17
VisualStudioVersion = 17.0.32014.148
MinimumVisualStudioVersion = 10.0.40219.1
Project("{9A19103F-16F7-4668-BE54-9A1E7A4F7556}") = "CRUDCORE", "CRUDCORE\CRUDCORE.csproj", "{67934198-4A95-4888-9A3D-91100C90DFF8}"
EndProject
Project("{FAE04EC0-301F-11D3-BF4B-00C04F79EFBC}") = "Utilidad", "Utilidad\Utilidad.csproj", "{88072F7B-AF14-4B23-A68A-5A5A25E77A0C}"
EndProject
Global
	GlobalSection(SolutionConfigurationPlatforms) = preSolution
		Debug|Any CPU = Debug|Any CPU
		Release|Any CPU = Release|Any CPU
	EndGlobalSection
	GlobalSection(ProjectConfigurationPlatforms) = postSolution
		{67934198-4A95-4888-9A3D-91100C90DFF8}.Debug|Any CPU.ActiveCfg = Debug|Any CPU
		{67934198-4A95-4888-9A3D-91100C90DFF8}.Debug|Any CPU.Build.0 = Debug|Any CPU
		{67934198-4A95-4888-9A3D-91100C90DFF8}.Release|Any CPU.ActiveCfg = Release|Any CPU
		{67934198-4A95-4888-9A3D-91100C90DFF8}.Release|Any CPU.Build.0 = Release|Any CPU
		{88072F7B-AF14-4B23-A68A-5A5A25E77A0C}.Debug|Any CPU.ActiveCfg = Debug|Any CPU
		{88072F7B-AF14-4B23-A68A-5A5A25E77A0C}.Debug|Any CPU.Build.0 = Debug|Any CPU
		{88072F7B-AF14-4B23-A68A-5A5A25E77A0C}.Release|Any CPU.ActiveCfg = Release|Any CPU
		{88072F7B-AF14-4B23-A68A-5A5A25E77A0C}.Release|Any CPU.Build.0 = Release|Any CPU
	EndGlobalSection
	GlobalSection(SolutionProperties) = preSolution
		HideSolutionNode = FALSE
	EndGlobalSection
	GlobalSection(ExtensibilityGlobals) = postSolution
		SolutionGuid = {D00F5C23-6455-4916-8561-DF2900B899C1}
	EndGlobalSection
EndGlobal
